
Microsoft Visual Studio Solution File, Format Version 12.00
# Visual Studio Version 17
VisualStudioVersion = 17.6.33717.318
MinimumVisualStudioVersion = 10.0.40219.1
Project("{FAE04EC0-301F-11D3-BF4B-00C04F79EFBC}") = "BasicAPI", "BasicAPI\BasicAPI.csproj", "{6686D4C5-A0E0-4C5D-BC26-1100A923E8D9}"
EndProject
Global
	GlobalSection(SolutionConfigurationPlatforms) = preSolution
		Debug|Any CPU = Debug|Any CPU
		Release|Any CPU = Release|Any CPU
	EndGlobalSection
	GlobalSection(ProjectConfigurationPlatforms) = postSolution
		{6686D4C5-A0E0-4C5D-BC26-1100A923E8D9}.Debug|Any CPU.ActiveCfg = Debug|Any CPU
		{6686D4C5-A0E0-4C5D-BC26-1100A923E8D9}.Debug|Any CPU.Build.0 = Debug|Any CPU
		{6686D4C5-A0E0-4C5D-BC26-1100A923E8D9}.Release|Any CPU.ActiveCfg = Release|Any CPU
		{6686D4C5-A0E0-4C5D-BC26-1100A923E8D9}.Release|Any CPU.Build.0 = Release|Any CPU
	EndGlobalSection
	GlobalSection(SolutionProperties) = preSolution
		HideSolutionNode = FALSE
	EndGlobalSection
	GlobalSection(ExtensibilityGlobals) = postSolution
		SolutionGuid = {39FC37E9-4805-4993-9BA0-8725EB129E5A}
	EndGlobalSection
EndGlobal
